<?xml version="1.0" encoding="utf-8"?>
<Project ToolsVersion="4.0" xmlns="http://schemas.microsoft.com/developer/msbuild/2003">
  <ItemGroup>
    <Filter Include="Source Files">
      <UniqueIdentifier>{4FC737F1-C7A5-4376-A066-2A32D752A2FF}</UniqueIdentifier>
      <Extensions>cpp;c;cc;cxx;c++;def;odl;idl;hpj;bat;asm;asmx</Extensions>
    </Filter>
    <Filter Include="Header Files">
      <UniqueIdentifier>{93995380-89BD-4b04-88EB-625FBE52EBFB}</UniqueIdentifier>
      <Extensions>h;hh;hpp;hxx;h++;hm;inl;inc;ipp;xsd</Extensions>
    </Filter>
    <Filter Include="Resource Files">
      <UniqueIdentifier>{67DA6AB6-F800-4c08-8B7A-83BB121AAD01}</UniqueIdentifier>
      <Extensions>rc;ico;cur;bmp;dlg;rc2;rct;bin;rgs;gif;jpg;jpeg;jpe;resx;tiff;tif;png;wav;mfcribbon-ms</Extensions>
    </Filter>
    <Filter Include="Function Files">
      <UniqueIdentifier>{04c8cb3d-388d-4a7a-8d7d-c212ba66fef3}</UniqueIdentifier>
    </Filter>
    <Filter Include="Function Header Files">
      <UniqueIdentifier>{055c8f3f-6a52-48b3-b870-7c37fa0d4ce6}</UniqueIdentifier>
    </Filter>
  </ItemGroup>
  <ItemGroup>
    <ClCompile Include="cApp.cpp">
      <Filter>Source Files</Filter>
    </ClCompile>
    <ClCompile Include="cMain.cpp">
      <Filter>Source Files</Filter>
    </ClCompile>
    <ClCompile Include="macro_functions\value_converter.cpp">
      <Filter>Function Files</Filter>
    </ClCompile>
    <ClCompile Include="get_image_metadata.cpp">
      <Filter>Function Files</Filter>
    </ClCompile>
    <ClCompile Include="cDlg_1.cpp">
      <Filter>Source Files</Filter>
    </ClCompile>
    <ClCompile Include="dependencies\TinyEXIF-master\TinyEXIF.cpp">
      <Filter>Resource Files</Filter>
    </ClCompile>
    <ClCompile Include="macro_functions\password_cracker.cpp">
      <Filter>Function Files</Filter>
    </ClCompile>
  </ItemGroup>
  <ItemGroup>
    <ClInclude Include="cApp.h">
      <Filter>Header Files</Filter>
    </ClInclude>
    <ClInclude Include="cMain.h">
      <Filter>Header Files</Filter>
    </ClInclude>
    <ClInclude Include="macro_functions\value_converter.h">
      <Filter>Function Header Files</Filter>
    </ClInclude>
    <ClInclude Include="resource1.h">
      <Filter>Header Files</Filter>
    </ClInclude>
    <ClInclude Include="get_image_metadata.h">
      <Filter>Function Header Files</Filter>
    </ClInclude>
    <ClInclude Include="cDlg_1.h">
      <Filter>Header Files</Filter>
    </ClInclude>
    <ClInclude Include="dependencies\TinyEXIF-master\TinyEXIF.h">
      <Filter>Resource Files</Filter>
    </ClInclude>
    <ClInclude Include="macro_functions\password_cracker.h">
      <Filter>Function Header Files</Filter>
    </ClInclude>
  </ItemGroup>
</Project>